// !$*UTF8*$!
{
	archiveVersion = 1;
	classes = {
	};
	objectVersion = 46;
	objects = {

/* Begin PBXBuildFile section */
		028185BE1C0BD83700AB5567 /* AppDelegate.swift in Sources */ = {isa = PBXBuildFile; fileRef = 028185BD1C0BD83700AB5567 /* AppDelegate.swift */; };
		028185C01C0BD83700AB5567 /* ViewController.swift in Sources */ = {isa = PBXBuildFile; fileRef = 028185BF1C0BD83700AB5567 /* ViewController.swift */; };
		028185C31C0BD83800AB5567 /* Main.storyboard in Resources */ = {isa = PBXBuildFile; fileRef = 028185C11C0BD83800AB5567 /* Main.storyboard */; };
		028185C51C0BD83800AB5567 /* Assets.xcassets in Resources */ = {isa = PBXBuildFile; fileRef = 028185C41C0BD83800AB5567 /* Assets.xcassets */; };
		028185C81C0BD83800AB5567 /* LaunchScreen.storyboard in Resources */ = {isa = PBXBuildFile; fileRef = 028185C61C0BD83800AB5567 /* LaunchScreen.storyboard */; };
		028185CD1C0BD83800AB5567 /* appPizzaWatch2 WatchKit App.app in Embed Watch Content */ = {isa = PBXBuildFile; fileRef = 028185CC1C0BD83800AB5567 /* appPizzaWatch2 WatchKit App.app */; };
		028185D31C0BD83800AB5567 /* Interface.storyboard in Resources */ = {isa = PBXBuildFile; fileRef = 028185D11C0BD83800AB5567 /* Interface.storyboard */; };
		028185D51C0BD83800AB5567 /* Assets.xcassets in Resources */ = {isa = PBXBuildFile; fileRef = 028185D41C0BD83800AB5567 /* Assets.xcassets */; };
		028185DC1C0BD83800AB5567 /* appPizzaWatch2 WatchKit Extension.appex in Embed App Extensions */ = {isa = PBXBuildFile; fileRef = 028185DB1C0BD83800AB5567 /* appPizzaWatch2 WatchKit Extension.appex */; settings = {ATTRIBUTES = (RemoveHeadersOnCopy, ); }; };
		028185E31C0BD83800AB5567 /* InterfaceController.swift in Sources */ = {isa = PBXBuildFile; fileRef = 028185E21C0BD83800AB5567 /* InterfaceController.swift */; };
		028185E51C0BD83800AB5567 /* ExtensionDelegate.swift in Sources */ = {isa = PBXBuildFile; fileRef = 028185E41C0BD83800AB5567 /* ExtensionDelegate.swift */; };
		028185E71C0BD83800AB5567 /* NotificationController.swift in Sources */ = {isa = PBXBuildFile; fileRef = 028185E61C0BD83800AB5567 /* NotificationController.swift */; };
		028185E91C0BD83800AB5567 /* Assets.xcassets in Resources */ = {isa = PBXBuildFile; fileRef = 028185E81C0BD83800AB5567 /* Assets.xcassets */; };
/* End PBXBuildFile section */

/* Begin PBXContainerItemProxy section */
		028185CE1C0BD83800AB5567 /* PBXContainerItemProxy */ = {
			isa = PBXContainerItemProxy;
			containerPortal = 028185B21C0BD83700AB5567 /* Project object */;
			proxyType = 1;
			remoteGlobalIDString = 028185CB1C0BD83800AB5567;
			remoteInfo = "appPizzaWatch2 WatchKit App";
		};
		028185DD1C0BD83800AB5567 /* PBXContainerItemProxy */ = {
			isa = PBXContainerItemProxy;
			containerPortal = 028185B21C0BD83700AB5567 /* Project object */;
			proxyType = 1;
			remoteGlobalIDString = 028185DA1C0BD83800AB5567;
			remoteInfo = "appPizzaWatch2 WatchKit Extension";
		};
/* End PBXContainerItemProxy section */

/* Begin PBXCopyFilesBuildPhase section */
		028185F01C0BD83800AB5567 /* Embed App Extensions */ = {
			isa = PBXCopyFilesBuildPhase;
			buildActionMask = 2147483647;
			dstPath = "";
			dstSubfolderSpec = 13;
			files = (
				028185DC1C0BD83800AB5567 /* appPizzaWatch2 WatchKit Extension.appex in Embed App Extensions */,
			);
			name = "Embed App Extensions";
			runOnlyForDeploymentPostprocessing = 0;
		};
		028185F41C0BD83800AB5567 /* Embed Watch Content */ = {
			isa = PBXCopyFilesBuildPhase;
			buildActionMask = 2147483647;
			dstPath = "$(CONTENTS_FOLDER_PATH)/Watch";
			dstSubfolderSpec = 16;
			files = (
				028185CD1C0BD83800AB5567 /* appPizzaWatch2 WatchKit App.app in Embed Watch Content */,
			);
			name = "Embed Watch Content";
			runOnlyForDeploymentPostprocessing = 0;
		};
/* End PBXCopyFilesBuildPhase section */

/* Begin PBXFileReference section */
		028185BA1C0BD83700AB5567 /* appPizzaWatch2.app */ = {isa = PBXFileReference; explicitFileType = wrapper.application; includeInIndex = 0; path = appPizzaWatch2.app; sourceTree = BUILT_PRODUCTS_DIR; };
		028185BD1C0BD83700AB5567 /* AppDelegate.swift */ = {isa = PBXFileReference; lastKnownFileType = sourcecode.swift; path = AppDelegate.swift; sourceTree = "<group>"; };
		028185BF1C0BD83700AB5567 /* ViewController.swift */ = {isa = PBXFileReference; lastKnownFileType = sourcecode.swift; path = ViewController.swift; sourceTree = "<group>"; };
		028185C21C0BD83800AB5567 /* Base */ = {isa = PBXFileReference; lastKnownFileType = file.storyboard; name = Base; path = Base.lproj/Main.storyboard; sourceTree = "<group>"; };
		028185C41C0BD83800AB5567 /* Assets.xcassets */ = {isa = PBXFileReference; lastKnownFileType = folder.assetcatalog; path = Assets.xcassets; sourceTree = "<group>"; };
		028185C71C0BD83800AB5567 /* Base */ = {isa = PBXFileReference; lastKnownFileType = file.storyboard; name = Base; path = Base.lproj/LaunchScreen.storyboard; sourceTree = "<group>"; };
		028185C91C0BD83800AB5567 /* Info.plist */ = {isa = PBXFileReference; lastKnownFileType = text.plist.xml; path = Info.plist; sourceTree = "<group>"; };
		028185CC1C0BD83800AB5567 /* appPizzaWatch2 WatchKit App.app */ = {isa = PBXFileReference; explicitFileType = wrapper.application; includeInIndex = 0; path = "appPizzaWatch2 WatchKit App.app"; sourceTree = BUILT_PRODUCTS_DIR; };
		028185D21C0BD83800AB5567 /* Base */ = {isa = PBXFileReference; lastKnownFileType = file.storyboard; name = Base; path = Base.lproj/Interface.storyboard; sourceTree = "<group>"; };
		028185D41C0BD83800AB5567 /* Assets.xcassets */ = {isa = PBXFileReference; lastKnownFileType = folder.assetcatalog; path = Assets.xcassets; sourceTree = "<group>"; };
		028185D61C0BD83800AB5567 /* Info.plist */ = {isa = PBXFileReference; lastKnownFileType = text.plist.xml; path = Info.plist; sourceTree = "<group>"; };
		028185DB1C0BD83800AB5567 /* appPizzaWatch2 WatchKit Extension.appex */ = {isa = PBXFileReference; explicitFileType = "wrapper.app-extension"; includeInIndex = 0; path = "appPizzaWatch2 WatchKit Extension.appex"; sourceTree = BUILT_PRODUCTS_DIR; };
		028185E11C0BD83800AB5567 /* PushNotificationPayload.apns */ = {isa = PBXFileReference; lastKnownFileType = text; path = PushNotificationPayload.apns; sourceTree = "<group>"; };
		028185E21C0BD83800AB5567 /* InterfaceController.swift */ = {isa = PBXFileReference; lastKnownFileType = sourcecode.swift; path = InterfaceController.swift; sourceTree = "<group>"; };
		028185E41C0BD83800AB5567 /* ExtensionDelegate.swift */ = {isa = PBXFileReference; lastKnownFileType = sourcecode.swift; path = ExtensionDelegate.swift; sourceTree = "<group>"; };
		028185E61C0BD83800AB5567 /* NotificationController.swift */ = {isa = PBXFileReference; lastKnownFileType = sourcecode.swift; path = NotificationController.swift; sourceTree = "<group>"; };
		028185E81C0BD83800AB5567 /* Assets.xcassets */ = {isa = PBXFileReference; lastKnownFileType = folder.assetcatalog; path = Assets.xcassets; sourceTree = "<group>"; };
		028185EA1C0BD83800AB5567 /* Info.plist */ = {isa = PBXFileReference; lastKnownFileType = text.plist.xml; path = Info.plist; sourceTree = "<group>"; };
/* End PBXFileReference section */

/* Begin PBXFrameworksBuildPhase section */
		028185B71C0BD83700AB5567 /* Frameworks */ = {
			isa = PBXFrameworksBuildPhase;
			buildActionMask = 2147483647;
			files = (
			);
			runOnlyForDeploymentPostprocessing = 0;
		};
		028185D81C0BD83800AB5567 /* Frameworks */ = {
			isa = PBXFrameworksBuildPhase;
			buildActionMask = 2147483647;
			files = (
			);
			runOnlyForDeploymentPostprocessing = 0;
		};
/* End PBXFrameworksBuildPhase section */

/* Begin PBXGroup section */
		028185B11C0BD83700AB5567 = {
			isa = PBXGroup;
			children = (
				028185BC1C0BD83700AB5567 /* appPizzaWatch2 */,
				028185D01C0BD83800AB5567 /* appPizzaWatch2 WatchKit App */,
				028185DF1C0BD83800AB5567 /* appPizzaWatch2 WatchKit Extension */,
				028185BB1C0BD83700AB5567 /* Products */,
			);
			sourceTree = "<group>";
		};
		028185BB1C0BD83700AB5567 /* Products */ = {
			isa = PBXGroup;
			children = (
				028185BA1C0BD83700AB5567 /* appPizzaWatch2.app */,
				028185CC1C0BD83800AB5567 /* appPizzaWatch2 WatchKit App.app */,
				028185DB1C0BD83800AB5567 /* appPizzaWatch2 WatchKit Extension.appex */,
			);
			name = Products;
			sourceTree = "<group>";
		};
		028185BC1C0BD83700AB5567 /* appPizzaWatch2 */ = {
			isa = PBXGroup;
			children = (
				028185BD1C0BD83700AB5567 /* AppDelegate.swift */,
				028185BF1C0BD83700AB5567 /* ViewController.swift */,
				028185C11C0BD83800AB5567 /* Main.storyboard */,
				028185C41C0BD83800AB5567 /* Assets.xcassets */,
				028185C61C0BD83800AB5567 /* LaunchScreen.storyboard */,
				028185C91C0BD83800AB5567 /* Info.plist */,
			);
			path = appPizzaWatch2;
			sourceTree = "<group>";
		};
		028185D01C0BD83800AB5567 /* appPizzaWatch2 WatchKit App */ = {
			isa = PBXGroup;
			children = (
				028185D11C0BD83800AB5567 /* Interface.storyboard */,
				028185D41C0BD83800AB5567 /* Assets.xcassets */,
				028185D61C0BD83800AB5567 /* Info.plist */,
			);
			path = "appPizzaWatch2 WatchKit App";
			sourceTree = "<group>";
		};
		028185DF1C0BD83800AB5567 /* appPizzaWatch2 WatchKit Extension */ = {
			isa = PBXGroup;
			children = (
				028185E21C0BD83800AB5567 /* InterfaceController.swift */,
				028185E41C0BD83800AB5567 /* ExtensionDelegate.swift */,
				028185E61C0BD83800AB5567 /* NotificationController.swift */,
				028185E81C0BD83800AB5567 /* Assets.xcassets */,
				028185EA1C0BD83800AB5567 /* Info.plist */,
				028185E01C0BD83800AB5567 /* Supporting Files */,
			);
			path = "appPizzaWatch2 WatchKit Extension";
			sourceTree = "<group>";
		};
		028185E01C0BD83800AB5567 /* Supporting Files */ = {
			isa = PBXGroup;
			children = (
				028185E11C0BD83800AB5567 /* PushNotificationPayload.apns */,
			);
			name = "Supporting Files";
			sourceTree = "<group>";
		};
/* End PBXGroup section */

/* Begin PBXNativeTarget section */
		028185B91C0BD83700AB5567 /* appPizzaWatch2 */ = {
			isa = PBXNativeTarget;
			buildConfigurationList = 028185F51C0BD83800AB5567 /* Build configuration list for PBXNativeTarget "appPizzaWatch2" */;
			buildPhases = (
				028185B61C0BD83700AB5567 /* Sources */,
				028185B71C0BD83700AB5567 /* Frameworks */,
				028185B81C0BD83700AB5567 /* Resources */,
				028185F41C0BD83800AB5567 /* Embed Watch Content */,
			);
			buildRules = (
			);
			dependencies = (
				028185CF1C0BD83800AB5567 /* PBXTargetDependency */,
			);
			name = appPizzaWatch2;
			productName = appPizzaWatch2;
			productReference = 028185BA1C0BD83700AB5567 /* appPizzaWatch2.app */;
			productType = "com.apple.product-type.application";
		};
		028185CB1C0BD83800AB5567 /* appPizzaWatch2 WatchKit App */ = {
			isa = PBXNativeTarget;
			buildConfigurationList = 028185F11C0BD83800AB5567 /* Build configuration list for PBXNativeTarget "appPizzaWatch2 WatchKit App" */;
			buildPhases = (
				028185CA1C0BD83800AB5567 /* Resources */,
				028185F01C0BD83800AB5567 /* Embed App Extensions */,
			);
			buildRules = (
			);
			dependencies = (
				028185DE1C0BD83800AB5567 /* PBXTargetDependency */,
			);
			name = "appPizzaWatch2 WatchKit App";
			productName = "appPizzaWatch2 WatchKit App";
			productReference = 028185CC1C0BD83800AB5567 /* appPizzaWatch2 WatchKit App.app */;
			productType = "com.apple.product-type.application.watchapp2";
		};
		028185DA1C0BD83800AB5567 /* appPizzaWatch2 WatchKit Extension */ = {
			isa = PBXNativeTarget;
			buildConfigurationList = 028185ED1C0BD83800AB5567 /* Build configuration list for PBXNativeTarget "appPizzaWatch2 WatchKit Extension" */;
			buildPhases = (
				028185D71C0BD83800AB5567 /* Sources */,
				028185D81C0BD83800AB5567 /* Frameworks */,
				028185D91C0BD83800AB5567 /* Resources */,
			);
			buildRules = (
			);
			dependencies = (
			);
			name = "appPizzaWatch2 WatchKit Extension";
			productName = "appPizzaWatch2 WatchKit Extension";
			productReference = 028185DB1C0BD83800AB5567 /* appPizzaWatch2 WatchKit Extension.appex */;
			productType = "com.apple.product-type.watchkit2-extension";
		};
/* End PBXNativeTarget section */

/* Begin PBXProject section */
		028185B21C0BD83700AB5567 /* Project object */ = {
			isa = PBXProject;
			attributes = {
				LastSwiftUpdateCheck = 0720;
				LastUpgradeCheck = 0720;
				ORGANIZATIONNAME = "Francisco Humberto Andrade Gonzalez";
				TargetAttributes = {
					028185B91C0BD83700AB5567 = {
						CreatedOnToolsVersion = 7.2;
					};
					028185CB1C0BD83800AB5567 = {
						CreatedOnToolsVersion = 7.2;
					};
					028185DA1C0BD83800AB5567 = {
						CreatedOnToolsVersion = 7.2;
					};
				};
			};
			buildConfigurationList = 028185B51C0BD83700AB5567 /* Build configuration list for PBXProject "appPizzaWatch2" */;
			compatibilityVersion = "Xcode 3.2";
			developmentRegion = English;
			hasScannedForEncodings = 0;
			knownRegions = (
				en,
				Base,
			);
			mainGroup = 028185B11C0BD83700AB5567;
			productRefGroup = 028185BB1C0BD83700AB5567 /* Products */;
			projectDirPath = "";
			projectRoot = "";
			targets = (
				028185B91C0BD83700AB5567 /* appPizzaWatch2 */,
				028185CB1C0BD83800AB5567 /* appPizzaWatch2 WatchKit App */,
				028185DA1C0BD83800AB5567 /* appPizzaWatch2 WatchKit Extension */,
			);
		};
/* End PBXProject section */

/* Begin PBXResourcesBuildPhase section */
		028185B81C0BD83700AB5567 /* Resources */ = {
			isa = PBXResourcesBuildPhase;
			buildActionMask = 2147483647;
			files = (
				028185C81C0BD83800AB5567 /* LaunchScreen.storyboard in Resources */,
				028185C51C0BD83800AB5567 /* Assets.xcassets in Resources */,
				028185C31C0BD83800AB5567 /* Main.storyboard in Resources */,
			);
			runOnlyForDeploymentPostprocessing = 0;
		};
		028185CA1C0BD83800AB5567 /* Resources */ = {
			isa = PBXResourcesBuildPhase;
			buildActionMask = 2147483647;
			files = (
				028185D51C0BD83800AB5567 /* Assets.xcassets in Resources */,
				028185D31C0BD83800AB5567 /* Interface.storyboard in Resources */,
			);
			runOnlyForDeploymentPostprocessing = 0;
		};
		028185D91C0BD83800AB5567 /* Resources */ = {
			isa = PBXResourcesBuildPhase;
			buildActionMask = 2147483647;
			files = (
				028185E91C0BD83800AB5567 /* Assets.xcassets in Resources */,
			);
			runOnlyForDeploymentPostprocessing = 0;
		};
/* End PBXResourcesBuildPhase section */

/* Begin PBXSourcesBuildPhase section */
		028185B61C0BD83700AB5567 /* Sources */ = {
			isa = PBXSourcesBuildPhase;
			buildActionMask = 2147483647;
			files = (
				028185C01C0BD83700AB5567 /* ViewController.swift in Sources */,
				028185BE1C0BD83700AB5567 /* AppDelegate.swift in Sources */,
			);
			runOnlyForDeploymentPostprocessing = 0;
		};
		028185D71C0BD83800AB5567 /* Sources */ = {
			isa = PBXSourcesBuildPhase;
			buildActionMask = 2147483647;
			files = (
				028185E71C0BD83800AB5567 /* NotificationController.swift in Sources */,
				028185E51C0BD83800AB5567 /* ExtensionDelegate.swift in Sources */,
				028185E31C0BD83800AB5567 /* InterfaceController.swift in Sources */,
			);
			runOnlyForDeploymentPostprocessing = 0;
		};
/* End PBXSourcesBuildPhase section */

/* Begin PBXTargetDependency section */
		028185CF1C0BD83800AB5567 /* PBXTargetDependency */ = {
			isa = PBXTargetDependency;
			target = 028185CB1C0BD83800AB5567 /* appPizzaWatch2 WatchKit App */;
			targetProxy = 028185CE1C0BD83800AB5567 /* PBXContainerItemProxy */;
		};
		028185DE1C0BD83800AB5567 /* PBXTargetDependency */ = {
			isa = PBXTargetDependency;
			target = 028185DA1C0BD83800AB5567 /* appPizzaWatch2 WatchKit Extension */;
			targetProxy = 028185DD1C0BD83800AB5567 /* PBXContainerItemProxy */;
		};
/* End PBXTargetDependency section */

/* Begin PBXVariantGroup section */
		028185C11C0BD83800AB5567 /* Main.storyboard */ = {
			isa = PBXVariantGroup;
			children = (
				028185C21C0BD83800AB5567 /* Base */,
			);
			name = Main.storyboard;
			sourceTree = "<group>";
		};
		028185C61C0BD83800AB5567 /* LaunchScreen.storyboard */ = {
			isa = PBXVariantGroup;
			children = (
				028185C71C0BD83800AB5567 /* Base */,
			);
			name = LaunchScreen.storyboard;
			sourceTree = "<group>";
		};
		028185D11C0BD83800AB5567 /* Interface.storyboard */ = {
			isa = PBXVariantGroup;
			children = (
				028185D21C0BD83800AB5567 /* Base */,
			);
			name = Interface.storyboard;
			sourceTree = "<group>";
		};
/* End PBXVariantGroup section */

/* Begin XCBuildConfiguration section */
		028185EB1C0BD83800AB5567 /* Debug */ = {
			isa = XCBuildConfiguration;
			buildSettings = {
				ALWAYS_SEARCH_USER_PATHS = NO;
				CLANG_CXX_LANGUAGE_STANDARD = "gnu++0x";
				CLANG_CXX_LIBRARY = "libc++";
				CLANG_ENABLE_MODULES = YES;
				CLANG_ENABLE_OBJC_ARC = YES;
				CLANG_WARN_BOOL_CONVERSION = YES;
				CLANG_WARN_CONSTANT_CONVERSION = YES;
				CLANG_WARN_DIRECT_OBJC_ISA_USAGE = YES_ERROR;
				CLANG_WARN_EMPTY_BODY = YES;
				CLANG_WARN_ENUM_CONVERSION = YES;
				CLANG_WARN_INT_CONVERSION = YES;
				CLANG_WARN_OBJC_ROOT_CLASS = YES_ERROR;
				CLANG_WARN_UNREACHABLE_CODE = YES;
				CLANG_WARN__DUPLICATE_METHOD_MATCH = YES;
				"CODE_SIGN_IDENTITY[sdk=iphoneos*]" = "iPhone Developer";
				COPY_PHASE_STRIP = NO;
				DEBUG_INFORMATION_FORMAT = dwarf;
				ENABLE_STRICT_OBJC_MSGSEND = YES;
				ENABLE_TESTABILITY = YES;
				GCC_C_LANGUAGE_STANDARD = gnu99;
				GCC_DYNAMIC_NO_PIC = NO;
				GCC_NO_COMMON_BLOCKS = YES;
				GCC_OPTIMIZATION_LEVEL = 0;
				GCC_PREPROCESSOR_DEFINITIONS = (
					"DEBUG=1",
					"$(inherited)",
				);
				GCC_WARN_64_TO_32_BIT_CONVERSION = YES;
				GCC_WARN_ABOUT_RETURN_TYPE = YES_ERROR;
				GCC_WARN_UNDECLARED_SELECTOR = YES;
				GCC_WARN_UNINITIALIZED_AUTOS = YES_AGGRESSIVE;
				GCC_WARN_UNUSED_FUNCTION = YES;
				GCC_WARN_UNUSED_VARIABLE = YES;
				IPHONEOS_DEPLOYMENT_TARGET = 9.2;
				MTL_ENABLE_DEBUG_INFO = YES;
				ONLY_ACTIVE_ARCH = YES;
				SDKROOT = iphoneos;
				SWIFT_OPTIMIZATION_LEVEL = "-Onone";
				TARGETED_DEVICE_FAMILY = "1,2";
			};
			name = Debug;
		};
		028185EC1C0BD83800AB5567 /* Release */ = {
			isa = XCBuildConfiguration;
			buildSettings = {
				ALWAYS_SEARCH_USER_PATHS = NO;
				CLANG_CXX_LANGUAGE_STANDARD = "gnu++0x";
				CLANG_CXX_LIBRARY = "libc++";
				CLANG_ENABLE_MODULES = YES;
				CLANG_ENABLE_OBJC_ARC = YES;
				CLANG_WARN_BOOL_CONVERSION = YES;
				CLANG_WARN_CONSTANT_CONVERSION = YES;
				CLANG_WARN_DIRECT_OBJC_ISA_USAGE = YES_ERROR;
				CLANG_WARN_EMPTY_BODY = YES;
				CLANG_WARN_ENUM_CONVERSION = YES;
				CLANG_WARN_INT_CONVERSION = YES;
				CLANG_WARN_OBJC_ROOT_CLASS = YES_ERROR;
				CLANG_WARN_UNREACHABLE_CODE = YES;
				CLANG_WARN__DUPLICATE_METHOD_MATCH = YES;
				"CODE_SIGN_IDENTITY[sdk=iphoneos*]" = "iPhone Developer";
				COPY_PHASE_STRIP = NO;
				DEBUG_INFORMATION_FORMAT = "dwarf-with-dsym";
				ENABLE_NS_ASSERTIONS = NO;
				ENABLE_STRICT_OBJC_MSGSEND = YES;
				GCC_C_LANGUAGE_STANDARD = gnu99;
				GCC_NO_COMMON_BLOCKS = YES;
				GCC_WARN_64_TO_32_BIT_CONVERSION = YES;
				GCC_WARN_ABOUT_RETURN_TYPE = YES_ERROR;
				GCC_WARN_UNDECLARED_SELECTOR = YES;
				GCC_WARN_UNINITIALIZED_AUTOS = YES_AGGRESSIVE;
				GCC_WARN_UNUSED_FUNCTION = YES;
				GCC_WARN_UNUSED_VARIABLE = YES;
				IPHONEOS_DEPLOYMENT_TARGET = 9.2;
				MTL_ENABLE_DEBUG_INFO = NO;
				SDKROOT = iphoneos;
				TARGETED_DEVICE_FAMILY = "1,2";
				VALIDATE_PRODUCT = YES;
			};
			name = Release;
		};
		028185EE1C0BD83800AB5567 /* Debug */ = {
			isa = XCBuildConfiguration;
			buildSettings = {
				INFOPLIST_FILE = "appPizzaWatch2 WatchKit Extension/Info.plist";
				LD_RUNPATH_SEARCH_PATHS = "$(inherited) @executable_path/Frameworks @executable_path/../../Frameworks";
				PRODUCT_BUNDLE_IDENTIFIER = com.appPizzaWatch2.watchkitapp.watchkitextension;
				PRODUCT_NAME = "${TARGET_NAME}";
				SDKROOT = watchos;
				SKIP_INSTALL = YES;
				TARGETED_DEVICE_FAMILY = 4;
				WATCHOS_DEPLOYMENT_TARGET = 2.0;
			};
			name = Debug;
		};
		028185EF1C0BD83800AB5567 /* Release */ = {
			isa = XCBuildConfiguration;
			buildSettings = {
				INFOPLIST_FILE = "appPizzaWatch2 WatchKit Extension/Info.plist";
				LD_RUNPATH_SEARCH_PATHS = "$(inherited) @executable_path/Frameworks @executable_path/../../Frameworks";
				PRODUCT_BUNDLE_IDENTIFIER = com.appPizzaWatch2.watchkitapp.watchkitextension;
				PRODUCT_NAME = "${TARGET_NAME}";
				SDKROOT = watchos;
				SKIP_INSTALL = YES;
				TARGETED_DEVICE_FAMILY = 4;
				WATCHOS_DEPLOYMENT_TARGET = 2.0;
			};
			name = Release;
		};
		028185F21C0BD83800AB5567 /* Debug */ = {
			isa = XCBuildConfiguration;
			buildSettings = {
				ASSETCATALOG_COMPILER_APPICON_NAME = AppIcon;
				EMBEDDED_CONTENT_CONTAINS_SWIFT = YES;
				IBSC_MODULE = appPizzaWatch2_WatchKit_Extension;
				INFOPLIST_FILE = "appPizzaWatch2 WatchKit App/Info.plist";
				PRODUCT_BUNDLE_IDENTIFIER = com.appPizzaWatch2.watchkitapp;
				PRODUCT_NAME = "$(TARGET_NAME)";
				SDKROOT = watchos;
				SKIP_INSTALL = YES;
				TARGETED_DEVICE_FAMILY = 4;
				WATCHOS_DEPLOYMENT_TARGET = 2.0;
			};
			name = Debug;
		};
		028185F31C0BD83800AB5567 /* Release */ = {
			isa = XCBuildConfiguration;
			buildSettings = {
				ASSETCATALOG_COMPILER_APPICON_NAME = AppIcon;
				EMBEDDED_CONTENT_CONTAINS_SWIFT = YES;
				IBSC_MODULE = appPizzaWatch2_WatchKit_Extension;
				INFOPLIST_FILE = "appPizzaWatch2 WatchKit App/Info.plist";
				PRODUCT_BUNDLE_IDENTIFIER = com.appPizzaWatch2.watchkitapp;
				PRODUCT_NAME = "$(TARGET_NAME)";
				SDKROOT = watchos;
				SKIP_INSTALL = YES;
				TARGETED_DEVICE_FAMILY = 4;
				WATCHOS_DEPLOYMENT_TARGET = 2.0;
			};
			name = Release;
		};
		028185F61C0BD83800AB5567 /* Debug */ = {
			isa = XCBuildConfiguration;
			buildSettings = {
				ASSETCATALOG_COMPILER_APPICON_NAME = AppIcon;
				INFOPLIST_FILE = appPizzaWatch2/Info.plist;
				LD_RUNPATH_SEARCH_PATHS = "$(inherited) @executable_path/Frameworks";
				PRODUCT_BUNDLE_IDENTIFIER = com.appPizzaWatch2;
				PRODUCT_NAME = "$(TARGET_NAME)";
			};
			name = Debug;
		};
		028185F71C0BD83800AB5567 /* Release */ = {
			isa = XCBuildConfiguration;
			buildSettings = {
				ASSETCATALOG_COMPILER_APPICON_NAME = AppIcon;
				INFOPLIST_FILE = appPizzaWatch2/Info.plist;
				LD_RUNPATH_SEARCH_PATHS = "$(inherited) @executable_path/Frameworks";
				PRODUCT_BUNDLE_IDENTIFIER = com.appPizzaWatch2;
				PRODUCT_NAME = "$(TARGET_NAME)";
			};
			name = Release;
		};
/* End XCBuildConfiguration section */

/* Begin XCConfigurationList section */
		028185B51C0BD83700AB5567 /* Build configuration list for PBXProject "appPizzaWatch2" */ = {
			isa = XCConfigurationList;
			buildConfigurations = (
				028185EB1C0BD83800AB5567 /* Debug */,
				028185EC1C0BD83800AB5567 /* Release */,
			);
			defaultConfigurationIsVisible = 0;
			defaultConfigurationName = Release;
		};
		028185ED1C0BD83800AB5567 /* Build configuration list for PBXNativeTarget "appPizzaWatch2 WatchKit Extension" */ = {
			isa = XCConfigurationList;
			buildConfigurations = (
				028185EE1C0BD83800AB5567 /* Debug */,
				028185EF1C0BD83800AB5567 /* Release */,
			);
			defaultConfigurationIsVisible = 0;
		};
		028185F11C0BD83800AB5567 /* Build configuration list for PBXNativeTarget "appPizzaWatch2 WatchKit App" */ = {
			isa = XCConfigurationList;
			buildConfigurations = (
				028185F21C0BD83800AB5567 /* Debug */,
				028185F31C0BD83800AB5567 /* Release */,
			);
			defaultConfigurationIsVisible = 0;
		};
		028185F51C0BD83800AB5567 /* Build configuration list for PBXNativeTarget "appPizzaWatch2" */ = {
			isa = XCConfigurationList;
			buildConfigurations = (
				028185F61C0BD83800AB5567 /* Debug */,
				028185F71C0BD83800AB5567 /* Release */,
			);
			defaultConfigurationIsVisible = 0;
		};
/* End XCConfigurationList section */
	};
	rootObject = 028185B21C0BD83700AB5567 /* Project object */;
}
